
Microsoft Visual Studio Solution File, Format Version 12.00
# Visual Studio Version 16
VisualStudioVersion = 16.0.31605.320
MinimumVisualStudioVersion = 10.0.40219.1
Project("{FAE04EC0-301F-11D3-BF4B-00C04F79EFBC}") = "exemplo Est repetitiva PARA", "exemplo Est repetitiva PARA\exemplo Est repetitiva PARA.csproj", "{535FD8F4-BC73-4202-B249-8C984F62509A}"
EndProject
Global
	GlobalSection(SolutionConfigurationPlatforms) = preSolution
		Debug|Any CPU = Debug|Any CPU
		Release|Any CPU = Release|Any CPU
	EndGlobalSection
	GlobalSection(ProjectConfigurationPlatforms) = postSolution
		{535FD8F4-BC73-4202-B249-8C984F62509A}.Debug|Any CPU.ActiveCfg = Debug|Any CPU
		{535FD8F4-BC73-4202-B249-8C984F62509A}.Debug|Any CPU.Build.0 = Debug|Any CPU
		{535FD8F4-BC73-4202-B249-8C984F62509A}.Release|Any CPU.ActiveCfg = Release|Any CPU
		{535FD8F4-BC73-4202-B249-8C984F62509A}.Release|Any CPU.Build.0 = Release|Any CPU
	EndGlobalSection
	GlobalSection(SolutionProperties) = preSolution
		HideSolutionNode = FALSE
	EndGlobalSection
	GlobalSection(ExtensibilityGlobals) = postSolution
		SolutionGuid = {1F0E9C80-90B6-46FA-9466-BA2586133AEF}
	EndGlobalSection
EndGlobal
